
Microsoft Visual Studio Solution File, Format Version 12.00
# Visual Studio 14
VisualStudioVersion = 14.0.23107.0
MinimumVisualStudioVersion = 10.0.40219.1
Project("{FAE04EC0-301F-11D3-BF4B-00C04F79EFBC}") = "ex2_1", "ex2_1\ex2_1.csproj", "{CDB0E46A-6F51-42C4-80D0-1B8E1E8D9F75}"
EndProject
Global
	GlobalSection(SolutionConfigurationPlatforms) = preSolution
		Debug|Any CPU = Debug|Any CPU
		Release|Any CPU = Release|Any CPU
	EndGlobalSection
	GlobalSection(ProjectConfigurationPlatforms) = postSolution
		{CDB0E46A-6F51-42C4-80D0-1B8E1E8D9F75}.Debug|Any CPU.ActiveCfg = Debug|Any CPU
		{CDB0E46A-6F51-42C4-80D0-1B8E1E8D9F75}.Debug|Any CPU.Build.0 = Debug|Any CPU
		{CDB0E46A-6F51-42C4-80D0-1B8E1E8D9F75}.Release|Any CPU.ActiveCfg = Release|Any CPU
		{CDB0E46A-6F51-42C4-80D0-1B8E1E8D9F75}.Release|Any CPU.Build.0 = Release|Any CPU
	EndGlobalSection
	GlobalSection(SolutionProperties) = preSolution
		HideSolutionNode = FALSE
	EndGlobalSection
EndGlobal
